
Microsoft Visual Studio Solution File, Format Version 12.00
# Visual Studio Version 17
VisualStudioVersion = 17.13.35605.110 d17.13
MinimumVisualStudioVersion = 10.0.40219.1
Project("{C7167F0D-BC9F-4E6E-AFE1-012C56B48DB5}") = "Slidl (Package)", "Slidl (Package)\Slidl (Package).wapproj", "{2CF35210-933D-49E9-A2B6-F4740E3B2775}"
EndProject
Project("{FAE04EC0-301F-11D3-BF4B-00C04F79EFBC}") = "Slidl", "Slidl\Slidl.csproj", "{B5BED219-5C3C-4F42-B06A-0A8A9BF56560}"
EndProject
Global
	GlobalSection(SolutionConfigurationPlatforms) = preSolution
		Debug|ARM64 = Debug|ARM64
		Debug|x64 = Debug|x64
		Debug|x86 = Debug|x86
		Release|ARM64 = Release|ARM64
		Release|x64 = Release|x64
		Release|x86 = Release|x86
	EndGlobalSection
	GlobalSection(ProjectConfigurationPlatforms) = postSolution
		{2CF35210-933D-49E9-A2B6-F4740E3B2775}.Debug|ARM64.ActiveCfg = Debug|ARM64
		{2CF35210-933D-49E9-A2B6-F4740E3B2775}.Debug|ARM64.Build.0 = Debug|ARM64
		{2CF35210-933D-49E9-A2B6-F4740E3B2775}.Debug|ARM64.Deploy.0 = Debug|ARM64
		{2CF35210-933D-49E9-A2B6-F4740E3B2775}.Debug|x64.ActiveCfg = Debug|x64
		{2CF35210-933D-49E9-A2B6-F4740E3B2775}.Debug|x64.Build.0 = Debug|x64
		{2CF35210-933D-49E9-A2B6-F4740E3B2775}.Debug|x64.Deploy.0 = Debug|x64
		{2CF35210-933D-49E9-A2B6-F4740E3B2775}.Debug|x86.ActiveCfg = Debug|x86
		{2CF35210-933D-49E9-A2B6-F4740E3B2775}.Debug|x86.Build.0 = Debug|x86
		{2CF35210-933D-49E9-A2B6-F4740E3B2775}.Debug|x86.Deploy.0 = Debug|x86
		{2CF35210-933D-49E9-A2B6-F4740E3B2775}.Release|ARM64.ActiveCfg = Release|ARM64
		{2CF35210-933D-49E9-A2B6-F4740E3B2775}.Release|ARM64.Build.0 = Release|ARM64
		{2CF35210-933D-49E9-A2B6-F4740E3B2775}.Release|ARM64.Deploy.0 = Release|ARM64
		{2CF35210-933D-49E9-A2B6-F4740E3B2775}.Release|x64.ActiveCfg = Release|x64
		{2CF35210-933D-49E9-A2B6-F4740E3B2775}.Release|x64.Build.0 = Release|x64
		{2CF35210-933D-49E9-A2B6-F4740E3B2775}.Release|x64.Deploy.0 = Release|x64
		{2CF35210-933D-49E9-A2B6-F4740E3B2775}.Release|x86.ActiveCfg = Release|x86
		{2CF35210-933D-49E9-A2B6-F4740E3B2775}.Release|x86.Build.0 = Release|x86
		{2CF35210-933D-49E9-A2B6-F4740E3B2775}.Release|x86.Deploy.0 = Release|x86
		{B5BED219-5C3C-4F42-B06A-0A8A9BF56560}.Debug|ARM64.ActiveCfg = Debug|ARM64
		{B5BED219-5C3C-4F42-B06A-0A8A9BF56560}.Debug|ARM64.Build.0 = Debug|ARM64
		{B5BED219-5C3C-4F42-B06A-0A8A9BF56560}.Debug|x64.ActiveCfg = Debug|x64
		{B5BED219-5C3C-4F42-B06A-0A8A9BF56560}.Debug|x64.Build.0 = Debug|x64
		{B5BED219-5C3C-4F42-B06A-0A8A9BF56560}.Debug|x86.ActiveCfg = Debug|x86
		{B5BED219-5C3C-4F42-B06A-0A8A9BF56560}.Debug|x86.Build.0 = Debug|x86
		{B5BED219-5C3C-4F42-B06A-0A8A9BF56560}.Release|ARM64.ActiveCfg = Release|ARM64
		{B5BED219-5C3C-4F42-B06A-0A8A9BF56560}.Release|ARM64.Build.0 = Release|ARM64
		{B5BED219-5C3C-4F42-B06A-0A8A9BF56560}.Release|x64.ActiveCfg = Release|x64
		{B5BED219-5C3C-4F42-B06A-0A8A9BF56560}.Release|x64.Build.0 = Release|x64
		{B5BED219-5C3C-4F42-B06A-0A8A9BF56560}.Release|x86.ActiveCfg = Release|x86
		{B5BED219-5C3C-4F42-B06A-0A8A9BF56560}.Release|x86.Build.0 = Release|x86
	EndGlobalSection
	GlobalSection(SolutionProperties) = preSolution
		HideSolutionNode = FALSE
	EndGlobalSection
	GlobalSection(ExtensibilityGlobals) = postSolution
		SolutionGuid = {255339A6-F8AC-4526-87A2-462D8C7B4083}
	EndGlobalSection
EndGlobal
